
Microsoft Visual Studio Solution File, Format Version 12.00
# Visual Studio Version 17
VisualStudioVersion = 17.4.33205.214
MinimumVisualStudioVersion = 10.0.40219.1
Project("{FAE04EC0-301F-11D3-BF4B-00C04F79EFBC}") = "UIForumApp", "UIForumApp\UIForumApp.csproj", "{D3B3995D-4288-4846-83ED-37FE62CD3B07}"
EndProject
Project("{FAE04EC0-301F-11D3-BF4B-00C04F79EFBC}") = "ForumApp-DataModel", "ForumApp-DataModel\ForumApp-DataModel.csproj", "{145D5A01-E384-4917-82AC-782535A39092}"
EndProject
Project("{FAE04EC0-301F-11D3-BF4B-00C04F79EFBC}") = "ForumApp-RepositoryLayer", "ForumApp-RepositoryLayer\ForumApp-RepositoryLayer.csproj", "{DC5D7567-B3E5-49EF-9CCD-ECBC816B21AE}"
EndProject
Project("{FAE04EC0-301F-11D3-BF4B-00C04F79EFBC}") = "ForumApp-ServiceLayer", "ForumApp-ServiceLayer\ForumApp-ServiceLayer.csproj", "{28768940-5770-4325-BCBC-7269812914BD}"
EndProject
Project("{FAE04EC0-301F-11D3-BF4B-00C04F79EFBC}") = "ForumApp-ViewModel", "ForumApp-ViewModel\ForumApp-ViewModel.csproj", "{1739FBD0-624E-4B90-9FD3-7C34C347FA68}"
EndProject
Global
	GlobalSection(SolutionConfigurationPlatforms) = preSolution
		Debug|Any CPU = Debug|Any CPU
		Release|Any CPU = Release|Any CPU
	EndGlobalSection
	GlobalSection(ProjectConfigurationPlatforms) = postSolution
		{D3B3995D-4288-4846-83ED-37FE62CD3B07}.Debug|Any CPU.ActiveCfg = Debug|Any CPU
		{D3B3995D-4288-4846-83ED-37FE62CD3B07}.Debug|Any CPU.Build.0 = Debug|Any CPU
		{D3B3995D-4288-4846-83ED-37FE62CD3B07}.Release|Any CPU.ActiveCfg = Release|Any CPU
		{D3B3995D-4288-4846-83ED-37FE62CD3B07}.Release|Any CPU.Build.0 = Release|Any CPU
		{145D5A01-E384-4917-82AC-782535A39092}.Debug|Any CPU.ActiveCfg = Debug|Any CPU
		{145D5A01-E384-4917-82AC-782535A39092}.Debug|Any CPU.Build.0 = Debug|Any CPU
		{145D5A01-E384-4917-82AC-782535A39092}.Release|Any CPU.ActiveCfg = Release|Any CPU
		{145D5A01-E384-4917-82AC-782535A39092}.Release|Any CPU.Build.0 = Release|Any CPU
		{DC5D7567-B3E5-49EF-9CCD-ECBC816B21AE}.Debug|Any CPU.ActiveCfg = Debug|Any CPU
		{DC5D7567-B3E5-49EF-9CCD-ECBC816B21AE}.Debug|Any CPU.Build.0 = Debug|Any CPU
		{DC5D7567-B3E5-49EF-9CCD-ECBC816B21AE}.Release|Any CPU.ActiveCfg = Release|Any CPU
		{DC5D7567-B3E5-49EF-9CCD-ECBC816B21AE}.Release|Any CPU.Build.0 = Release|Any CPU
		{28768940-5770-4325-BCBC-7269812914BD}.Debug|Any CPU.ActiveCfg = Debug|Any CPU
		{28768940-5770-4325-BCBC-7269812914BD}.Debug|Any CPU.Build.0 = Debug|Any CPU
		{28768940-5770-4325-BCBC-7269812914BD}.Release|Any CPU.ActiveCfg = Release|Any CPU
		{28768940-5770-4325-BCBC-7269812914BD}.Release|Any CPU.Build.0 = Release|Any CPU
		{1739FBD0-624E-4B90-9FD3-7C34C347FA68}.Debug|Any CPU.ActiveCfg = Debug|Any CPU
		{1739FBD0-624E-4B90-9FD3-7C34C347FA68}.Debug|Any CPU.Build.0 = Debug|Any CPU
		{1739FBD0-624E-4B90-9FD3-7C34C347FA68}.Release|Any CPU.ActiveCfg = Release|Any CPU
		{1739FBD0-624E-4B90-9FD3-7C34C347FA68}.Release|Any CPU.Build.0 = Release|Any CPU
	EndGlobalSection
	GlobalSection(SolutionProperties) = preSolution
		HideSolutionNode = FALSE
	EndGlobalSection
	GlobalSection(ExtensibilityGlobals) = postSolution
		SolutionGuid = {98D15404-44FC-4C74-9199-244A2263CA19}
	EndGlobalSection
EndGlobal
